
Microsoft Visual Studio Solution File, Format Version 12.00
# Visual Studio Version 17
VisualStudioVersion = 17.9.34723.18
MinimumVisualStudioVersion = 10.0.40219.1
Project("{FAE04EC0-301F-11D3-BF4B-00C04F79EFBC}") = "QRCodeEvidentationApp", "QRCodeEvidentationApp\QRCodeEvidentationApp.csproj", "{99B55A5A-9990-437B-9E8D-4104C758402D}"
EndProject
Global
	GlobalSection(SolutionConfigurationPlatforms) = preSolution
		Debug|Any CPU = Debug|Any CPU
		Release|Any CPU = Release|Any CPU
	EndGlobalSection
	GlobalSection(ProjectConfigurationPlatforms) = postSolution
		{99B55A5A-9990-437B-9E8D-4104C758402D}.Debug|Any CPU.ActiveCfg = Debug|Any CPU
		{99B55A5A-9990-437B-9E8D-4104C758402D}.Debug|Any CPU.Build.0 = Debug|Any CPU
		{99B55A5A-9990-437B-9E8D-4104C758402D}.Release|Any CPU.ActiveCfg = Release|Any CPU
		{99B55A5A-9990-437B-9E8D-4104C758402D}.Release|Any CPU.Build.0 = Release|Any CPU
	EndGlobalSection
	GlobalSection(SolutionProperties) = preSolution
		HideSolutionNode = FALSE
	EndGlobalSection
	GlobalSection(ExtensibilityGlobals) = postSolution
		SolutionGuid = {61977894-C2D0-4E09-A6E5-57B6F0C721C7}
	EndGlobalSection
EndGlobal
